// !$*UTF8*$!
{
	archiveVersion = 1;
	classes = {
	};
	objectVersion = 55;
	objects = {

/* Begin PBXBuildFile section */
		64A5C5642A2B731400D78BF6 /* __swift_guidebookApp.swift in Sources */ = {isa = PBXBuildFile; fileRef = 64A5C5542A2B731100D78BF6 /* __swift_guidebookApp.swift */; };
		64A5C5652A2B731400D78BF6 /* __swift_guidebookApp.swift in Sources */ = {isa = PBXBuildFile; fileRef = 64A5C5542A2B731100D78BF6 /* __swift_guidebookApp.swift */; };
		64A5C5662A2B731400D78BF6 /* CityView.swift in Sources */ = {isa = PBXBuildFile; fileRef = 64A5C5552A2B731100D78BF6 /* CityView.swift */; };
		64A5C5672A2B731400D78BF6 /* CityView.swift in Sources */ = {isa = PBXBuildFile; fileRef = 64A5C5552A2B731100D78BF6 /* CityView.swift */; };
		64A5C5682A2B731400D78BF6 /* Assets.xcassets in Resources */ = {isa = PBXBuildFile; fileRef = 64A5C5562A2B731400D78BF6 /* Assets.xcassets */; };
		64A5C5692A2B731400D78BF6 /* Assets.xcassets in Resources */ = {isa = PBXBuildFile; fileRef = 64A5C5562A2B731400D78BF6 /* Assets.xcassets */; };
		64A5C5742A2B741E00D78BF6 /* AttractionView.swift in Sources */ = {isa = PBXBuildFile; fileRef = 64A5C5732A2B741E00D78BF6 /* AttractionView.swift */; };
		64A5C5762A2B742B00D78BF6 /* DetailView.swift in Sources */ = {isa = PBXBuildFile; fileRef = 64A5C5752A2B742B00D78BF6 /* DetailView.swift */; };
		64A5C5782A2B745300D78BF6 /* DataService.swift in Sources */ = {isa = PBXBuildFile; fileRef = 64A5C5772A2B745300D78BF6 /* DataService.swift */; };
		64A5C57A2A2B74A100D78BF6 /* City.swift in Sources */ = {isa = PBXBuildFile; fileRef = 64A5C5792A2B74A100D78BF6 /* City.swift */; };
		64A5C57C2A2B74E800D78BF6 /* Attraction.swift in Sources */ = {isa = PBXBuildFile; fileRef = 64A5C57B2A2B74E800D78BF6 /* Attraction.swift */; };
		64A5C57E2A2C57E100D78BF6 /* CityCard.swift in Sources */ = {isa = PBXBuildFile; fileRef = 64A5C57D2A2C57E000D78BF6 /* CityCard.swift */; };
		64A5C5802A2C5B5800D78BF6 /* AttractionRow.swift in Sources */ = {isa = PBXBuildFile; fileRef = 64A5C57F2A2C5B5800D78BF6 /* AttractionRow.swift */; };
/* End PBXBuildFile section */

/* Begin PBXFileReference section */
		64A5C5542A2B731100D78BF6 /* __swift_guidebookApp.swift */ = {isa = PBXFileReference; lastKnownFileType = sourcecode.swift; path = __swift_guidebookApp.swift; sourceTree = "<group>"; };
		64A5C5552A2B731100D78BF6 /* CityView.swift */ = {isa = PBXFileReference; lastKnownFileType = sourcecode.swift; path = CityView.swift; sourceTree = "<group>"; };
		64A5C5562A2B731400D78BF6 /* Assets.xcassets */ = {isa = PBXFileReference; lastKnownFileType = folder.assetcatalog; path = Assets.xcassets; sourceTree = "<group>"; };
		64A5C55B2A2B731400D78BF6 /* 9-swift-guidebook.app */ = {isa = PBXFileReference; explicitFileType = wrapper.application; includeInIndex = 0; path = "9-swift-guidebook.app"; sourceTree = BUILT_PRODUCTS_DIR; };
		64A5C5612A2B731400D78BF6 /* 9-swift-guidebook.app */ = {isa = PBXFileReference; explicitFileType = wrapper.application; includeInIndex = 0; path = "9-swift-guidebook.app"; sourceTree = BUILT_PRODUCTS_DIR; };
		64A5C5632A2B731400D78BF6 /* macOS.entitlements */ = {isa = PBXFileReference; lastKnownFileType = text.plist.entitlements; path = macOS.entitlements; sourceTree = "<group>"; };
		64A5C5732A2B741E00D78BF6 /* AttractionView.swift */ = {isa = PBXFileReference; lastKnownFileType = sourcecode.swift; path = AttractionView.swift; sourceTree = "<group>"; };
		64A5C5752A2B742B00D78BF6 /* DetailView.swift */ = {isa = PBXFileReference; lastKnownFileType = sourcecode.swift; path = DetailView.swift; sourceTree = "<group>"; };
		64A5C5772A2B745300D78BF6 /* DataService.swift */ = {isa = PBXFileReference; lastKnownFileType = sourcecode.swift; path = DataService.swift; sourceTree = "<group>"; };
		64A5C5792A2B74A100D78BF6 /* City.swift */ = {isa = PBXFileReference; lastKnownFileType = sourcecode.swift; path = City.swift; sourceTree = "<group>"; };
		64A5C57B2A2B74E800D78BF6 /* Attraction.swift */ = {isa = PBXFileReference; lastKnownFileType = sourcecode.swift; path = Attraction.swift; sourceTree = "<group>"; };
		64A5C57D2A2C57E000D78BF6 /* CityCard.swift */ = {isa = PBXFileReference; lastKnownFileType = sourcecode.swift; path = CityCard.swift; sourceTree = "<group>"; };
		64A5C57F2A2C5B5800D78BF6 /* AttractionRow.swift */ = {isa = PBXFileReference; lastKnownFileType = sourcecode.swift; path = AttractionRow.swift; sourceTree = "<group>"; };
/* End PBXFileReference section */

/* Begin PBXFrameworksBuildPhase section */
		64A5C5582A2B731400D78BF6 /* Frameworks */ = {
			isa = PBXFrameworksBuildPhase;
			buildActionMask = 2147483647;
			files = (
			);
			runOnlyForDeploymentPostprocessing = 0;
		};
		64A5C55E2A2B731400D78BF6 /* Frameworks */ = {
			isa = PBXFrameworksBuildPhase;
			buildActionMask = 2147483647;
			files = (
			);
			runOnlyForDeploymentPostprocessing = 0;
		};
/* End PBXFrameworksBuildPhase section */

/* Begin PBXGroup section */
		64A5C54E2A2B731100D78BF6 = {
			isa = PBXGroup;
			children = (
				64A5C5532A2B731100D78BF6 /* Shared */,
				64A5C5622A2B731400D78BF6 /* macOS */,
				64A5C55C2A2B731400D78BF6 /* Products */,
			);
			sourceTree = "<group>";
		};
		64A5C5532A2B731100D78BF6 /* Shared */ = {
			isa = PBXGroup;
			children = (
				64A5C5542A2B731100D78BF6 /* __swift_guidebookApp.swift */,
				64A5C5552A2B731100D78BF6 /* CityView.swift */,
				64A5C5732A2B741E00D78BF6 /* AttractionView.swift */,
				64A5C5752A2B742B00D78BF6 /* DetailView.swift */,
				64A5C57D2A2C57E000D78BF6 /* CityCard.swift */,
				64A5C57F2A2C5B5800D78BF6 /* AttractionRow.swift */,
				64A5C5772A2B745300D78BF6 /* DataService.swift */,
				64A5C5792A2B74A100D78BF6 /* City.swift */,
				64A5C57B2A2B74E800D78BF6 /* Attraction.swift */,
				64A5C5562A2B731400D78BF6 /* Assets.xcassets */,
			);
			path = Shared;
			sourceTree = "<group>";
		};
		64A5C55C2A2B731400D78BF6 /* Products */ = {
			isa = PBXGroup;
			children = (
				64A5C55B2A2B731400D78BF6 /* 9-swift-guidebook.app */,
				64A5C5612A2B731400D78BF6 /* 9-swift-guidebook.app */,
			);
			name = Products;
			sourceTree = "<group>";
		};
		64A5C5622A2B731400D78BF6 /* macOS */ = {
			isa = PBXGroup;
			children = (
				64A5C5632A2B731400D78BF6 /* macOS.entitlements */,
			);
			path = macOS;
			sourceTree = "<group>";
		};
/* End PBXGroup section */

/* Begin PBXNativeTarget section */
		64A5C55A2A2B731400D78BF6 /* 9-swift-guidebook (iOS) */ = {
			isa = PBXNativeTarget;
			buildConfigurationList = 64A5C56C2A2B731400D78BF6 /* Build configuration list for PBXNativeTarget "9-swift-guidebook (iOS)" */;
			buildPhases = (
				64A5C5572A2B731400D78BF6 /* Sources */,
				64A5C5582A2B731400D78BF6 /* Frameworks */,
				64A5C5592A2B731400D78BF6 /* Resources */,
			);
			buildRules = (
			);
			dependencies = (
			);
			name = "9-swift-guidebook (iOS)";
			productName = "9-swift-guidebook (iOS)";
			productReference = 64A5C55B2A2B731400D78BF6 /* 9-swift-guidebook.app */;
			productType = "com.apple.product-type.application";
		};
		64A5C5602A2B731400D78BF6 /* 9-swift-guidebook (macOS) */ = {
			isa = PBXNativeTarget;
			buildConfigurationList = 64A5C56F2A2B731400D78BF6 /* Build configuration list for PBXNativeTarget "9-swift-guidebook (macOS)" */;
			buildPhases = (
				64A5C55D2A2B731400D78BF6 /* Sources */,
				64A5C55E2A2B731400D78BF6 /* Frameworks */,
				64A5C55F2A2B731400D78BF6 /* Resources */,
			);
			buildRules = (
			);
			dependencies = (
			);
			name = "9-swift-guidebook (macOS)";
			productName = "9-swift-guidebook (macOS)";
			productReference = 64A5C5612A2B731400D78BF6 /* 9-swift-guidebook.app */;
			productType = "com.apple.product-type.application";
		};
/* End PBXNativeTarget section */

/* Begin PBXProject section */
		64A5C54F2A2B731100D78BF6 /* Project object */ = {
			isa = PBXProject;
			attributes = {
				BuildIndependentTargetsInParallel = 1;
				LastSwiftUpdateCheck = 1340;
				LastUpgradeCheck = 1340;
				TargetAttributes = {
					64A5C55A2A2B731400D78BF6 = {
						CreatedOnToolsVersion = 13.4.1;
					};
					64A5C5602A2B731400D78BF6 = {
						CreatedOnToolsVersion = 13.4.1;
					};
				};
			};
			buildConfigurationList = 64A5C5522A2B731100D78BF6 /* Build configuration list for PBXProject "9-swift-guidebook" */;
			compatibilityVersion = "Xcode 13.0";
			developmentRegion = en;
			hasScannedForEncodings = 0;
			knownRegions = (
				en,
				Base,
			);
			mainGroup = 64A5C54E2A2B731100D78BF6;
			productRefGroup = 64A5C55C2A2B731400D78BF6 /* Products */;
			projectDirPath = "";
			projectRoot = "";
			targets = (
				64A5C55A2A2B731400D78BF6 /* 9-swift-guidebook (iOS) */,
				64A5C5602A2B731400D78BF6 /* 9-swift-guidebook (macOS) */,
			);
		};
/* End PBXProject section */

/* Begin PBXResourcesBuildPhase section */
		64A5C5592A2B731400D78BF6 /* Resources */ = {
			isa = PBXResourcesBuildPhase;
			buildActionMask = 2147483647;
			files = (
				64A5C5682A2B731400D78BF6 /* Assets.xcassets in Resources */,
			);
			runOnlyForDeploymentPostprocessing = 0;
		};
		64A5C55F2A2B731400D78BF6 /* Resources */ = {
			isa = PBXResourcesBuildPhase;
			buildActionMask = 2147483647;
			files = (
				64A5C5692A2B731400D78BF6 /* Assets.xcassets in Resources */,
			);
			runOnlyForDeploymentPostprocessing = 0;
		};
/* End PBXResourcesBuildPhase section */

/* Begin PBXSourcesBuildPhase section */
		64A5C5572A2B731400D78BF6 /* Sources */ = {
			isa = PBXSourcesBuildPhase;
			buildActionMask = 2147483647;
			files = (
				64A5C5662A2B731400D78BF6 /* CityView.swift in Sources */,
				64A5C5762A2B742B00D78BF6 /* DetailView.swift in Sources */,
				64A5C5802A2C5B5800D78BF6 /* AttractionRow.swift in Sources */,
				64A5C57A2A2B74A100D78BF6 /* City.swift in Sources */,
				64A5C57C2A2B74E800D78BF6 /* Attraction.swift in Sources */,
				64A5C57E2A2C57E100D78BF6 /* CityCard.swift in Sources */,
				64A5C5642A2B731400D78BF6 /* __swift_guidebookApp.swift in Sources */,
				64A5C5742A2B741E00D78BF6 /* AttractionView.swift in Sources */,
				64A5C5782A2B745300D78BF6 /* DataService.swift in Sources */,
			);
			runOnlyForDeploymentPostprocessing = 0;
		};
		64A5C55D2A2B731400D78BF6 /* Sources */ = {
			isa = PBXSourcesBuildPhase;
			buildActionMask = 2147483647;
			files = (
				64A5C5672A2B731400D78BF6 /* CityView.swift in Sources */,
				64A5C5652A2B731400D78BF6 /* __swift_guidebookApp.swift in Sources */,
			);
			runOnlyForDeploymentPostprocessing = 0;
		};
/* End PBXSourcesBuildPhase section */

/* Begin XCBuildConfiguration section */
		64A5C56A2A2B731400D78BF6 /* Debug */ = {
			isa = XCBuildConfiguration;
			buildSettings = {
				ALWAYS_SEARCH_USER_PATHS = NO;
				CLANG_ANALYZER_NONNULL = YES;
				CLANG_ANALYZER_NUMBER_OBJECT_CONVERSION = YES_AGGRESSIVE;
				CLANG_CXX_LANGUAGE_STANDARD = "gnu++17";
				CLANG_ENABLE_MODULES = YES;
				CLANG_ENABLE_OBJC_ARC = YES;
				CLANG_ENABLE_OBJC_WEAK = YES;
				CLANG_WARN_BLOCK_CAPTURE_AUTORELEASING = YES;
				CLANG_WARN_BOOL_CONVERSION = YES;
				CLANG_WARN_COMMA = YES;
				CLANG_WARN_CONSTANT_CONVERSION = YES;
				CLANG_WARN_DEPRECATED_OBJC_IMPLEMENTATIONS = YES;
				CLANG_WARN_DIRECT_OBJC_ISA_USAGE = YES_ERROR;
				CLANG_WARN_DOCUMENTATION_COMMENTS = YES;
				CLANG_WARN_EMPTY_BODY = YES;
				CLANG_WARN_ENUM_CONVERSION = YES;
				CLANG_WARN_INFINITE_RECURSION = YES;
				CLANG_WARN_INT_CONVERSION = YES;
				CLANG_WARN_NON_LITERAL_NULL_CONVERSION = YES;
				CLANG_WARN_OBJC_IMPLICIT_RETAIN_SELF = YES;
				CLANG_WARN_OBJC_LITERAL_CONVERSION = YES;
				CLANG_WARN_OBJC_ROOT_CLASS = YES_ERROR;
				CLANG_WARN_QUOTED_INCLUDE_IN_FRAMEWORK_HEADER = YES;
				CLANG_WARN_RANGE_LOOP_ANALYSIS = YES;
				CLANG_WARN_STRICT_PROTOTYPES = YES;
				CLANG_WARN_SUSPICIOUS_MOVE = YES;
				CLANG_WARN_UNGUARDED_AVAILABILITY = YES_AGGRESSIVE;
				CLANG_WARN_UNREACHABLE_CODE = YES;
				CLANG_WARN__DUPLICATE_METHOD_MATCH = YES;
				COPY_PHASE_STRIP = NO;
				DEBUG_INFORMATION_FORMAT = dwarf;
				ENABLE_STRICT_OBJC_MSGSEND = YES;
				ENABLE_TESTABILITY = YES;
				GCC_C_LANGUAGE_STANDARD = gnu11;
				GCC_DYNAMIC_NO_PIC = NO;
				GCC_NO_COMMON_BLOCKS = YES;
				GCC_OPTIMIZATION_LEVEL = 0;
				GCC_PREPROCESSOR_DEFINITIONS = (
					"DEBUG=1",
					"$(inherited)",
				);
				GCC_WARN_64_TO_32_BIT_CONVERSION = YES;
				GCC_WARN_ABOUT_RETURN_TYPE = YES_ERROR;
				GCC_WARN_UNDECLARED_SELECTOR = YES;
				GCC_WARN_UNINITIALIZED_AUTOS = YES_AGGRESSIVE;
				GCC_WARN_UNUSED_FUNCTION = YES;
				GCC_WARN_UNUSED_VARIABLE = YES;
				MTL_ENABLE_DEBUG_INFO = INCLUDE_SOURCE;
				MTL_FAST_MATH = YES;
				ONLY_ACTIVE_ARCH = YES;
				SWIFT_ACTIVE_COMPILATION_CONDITIONS = DEBUG;
				SWIFT_OPTIMIZATION_LEVEL = "-Onone";
			};
			name = Debug;
		};
		64A5C56B2A2B731400D78BF6 /* Release */ = {
			isa = XCBuildConfiguration;
			buildSettings = {
				ALWAYS_SEARCH_USER_PATHS = NO;
				CLANG_ANALYZER_NONNULL = YES;
				CLANG_ANALYZER_NUMBER_OBJECT_CONVERSION = YES_AGGRESSIVE;
				CLANG_CXX_LANGUAGE_STANDARD = "gnu++17";
				CLANG_ENABLE_MODULES = YES;
				CLANG_ENABLE_OBJC_ARC = YES;
				CLANG_ENABLE_OBJC_WEAK = YES;
				CLANG_WARN_BLOCK_CAPTURE_AUTORELEASING = YES;
				CLANG_WARN_BOOL_CONVERSION = YES;
				CLANG_WARN_COMMA = YES;
				CLANG_WARN_CONSTANT_CONVERSION = YES;
				CLANG_WARN_DEPRECATED_OBJC_IMPLEMENTATIONS = YES;
				CLANG_WARN_DIRECT_OBJC_ISA_USAGE = YES_ERROR;
				CLANG_WARN_DOCUMENTATION_COMMENTS = YES;
				CLANG_WARN_EMPTY_BODY = YES;
				CLANG_WARN_ENUM_CONVERSION = YES;
				CLANG_WARN_INFINITE_RECURSION = YES;
				CLANG_WARN_INT_CONVERSION = YES;
				CLANG_WARN_NON_LITERAL_NULL_CONVERSION = YES;
				CLANG_WARN_OBJC_IMPLICIT_RETAIN_SELF = YES;
				CLANG_WARN_OBJC_LITERAL_CONVERSION = YES;
				CLANG_WARN_OBJC_ROOT_CLASS = YES_ERROR;
				CLANG_WARN_QUOTED_INCLUDE_IN_FRAMEWORK_HEADER = YES;
				CLANG_WARN_RANGE_LOOP_ANALYSIS = YES;
				CLANG_WARN_STRICT_PROTOTYPES = YES;
				CLANG_WARN_SUSPICIOUS_MOVE = YES;
				CLANG_WARN_UNGUARDED_AVAILABILITY = YES_AGGRESSIVE;
				CLANG_WARN_UNREACHABLE_CODE = YES;
				CLANG_WARN__DUPLICATE_METHOD_MATCH = YES;
				COPY_PHASE_STRIP = NO;
				DEBUG_INFORMATION_FORMAT = "dwarf-with-dsym";
				ENABLE_NS_ASSERTIONS = NO;
				ENABLE_STRICT_OBJC_MSGSEND = YES;
				GCC_C_LANGUAGE_STANDARD = gnu11;
				GCC_NO_COMMON_BLOCKS = YES;
				GCC_WARN_64_TO_32_BIT_CONVERSION = YES;
				GCC_WARN_ABOUT_RETURN_TYPE = YES_ERROR;
				GCC_WARN_UNDECLARED_SELECTOR = YES;
				GCC_WARN_UNINITIALIZED_AUTOS = YES_AGGRESSIVE;
				GCC_WARN_UNUSED_FUNCTION = YES;
				GCC_WARN_UNUSED_VARIABLE = YES;
				MTL_ENABLE_DEBUG_INFO = NO;
				MTL_FAST_MATH = YES;
				SWIFT_COMPILATION_MODE = wholemodule;
				SWIFT_OPTIMIZATION_LEVEL = "-O";
			};
			name = Release;
		};
		64A5C56D2A2B731400D78BF6 /* Debug */ = {
			isa = XCBuildConfiguration;
			buildSettings = {
				ASSETCATALOG_COMPILER_APPICON_NAME = AppIcon;
				ASSETCATALOG_COMPILER_GLOBAL_ACCENT_COLOR_NAME = AccentColor;
				CODE_SIGN_STYLE = Automatic;
				CURRENT_PROJECT_VERSION = 1;
				ENABLE_PREVIEWS = YES;
				GENERATE_INFOPLIST_FILE = YES;
				INFOPLIST_KEY_UIApplicationSceneManifest_Generation = YES;
				INFOPLIST_KEY_UIApplicationSupportsIndirectInputEvents = YES;
				INFOPLIST_KEY_UILaunchScreen_Generation = YES;
				INFOPLIST_KEY_UISupportedInterfaceOrientations_iPad = "UIInterfaceOrientationPortrait UIInterfaceOrientationPortraitUpsideDown UIInterfaceOrientationLandscapeLeft UIInterfaceOrientationLandscapeRight";
				INFOPLIST_KEY_UISupportedInterfaceOrientations_iPhone = "UIInterfaceOrientationPortrait UIInterfaceOrientationLandscapeLeft UIInterfaceOrientationLandscapeRight";
				IPHONEOS_DEPLOYMENT_TARGET = 15.5;
				LD_RUNPATH_SEARCH_PATHS = (
					"$(inherited)",
					"@executable_path/Frameworks",
				);
				MARKETING_VERSION = 1.0;
				PRODUCT_BUNDLE_IDENTIFIER = "ai.cherrypick.--swift-guidebook";
				PRODUCT_NAME = "9-swift-guidebook";
				SDKROOT = iphoneos;
				SWIFT_EMIT_LOC_STRINGS = YES;
				SWIFT_VERSION = 5.0;
				TARGETED_DEVICE_FAMILY = "1,2";
			};
			name = Debug;
		};
		64A5C56E2A2B731400D78BF6 /* Release */ = {
			isa = XCBuildConfiguration;
			buildSettings = {
				ASSETCATALOG_COMPILER_APPICON_NAME = AppIcon;
				ASSETCATALOG_COMPILER_GLOBAL_ACCENT_COLOR_NAME = AccentColor;
				CODE_SIGN_STYLE = Automatic;
				CURRENT_PROJECT_VERSION = 1;
				ENABLE_PREVIEWS = YES;
				GENERATE_INFOPLIST_FILE = YES;
				INFOPLIST_KEY_UIApplicationSceneManifest_Generation = YES;
				INFOPLIST_KEY_UIApplicationSupportsIndirectInputEvents = YES;
				INFOPLIST_KEY_UILaunchScreen_Generation = YES;
				INFOPLIST_KEY_UISupportedInterfaceOrientations_iPad = "UIInterfaceOrientationPortrait UIInterfaceOrientationPortraitUpsideDown UIInterfaceOrientationLandscapeLeft UIInterfaceOrientationLandscapeRight";
				INFOPLIST_KEY_UISupportedInterfaceOrientations_iPhone = "UIInterfaceOrientationPortrait UIInterfaceOrientationLandscapeLeft UIInterfaceOrientationLandscapeRight";
				IPHONEOS_DEPLOYMENT_TARGET = 15.5;
				LD_RUNPATH_SEARCH_PATHS = (
					"$(inherited)",
					"@executable_path/Frameworks",
				);
				MARKETING_VERSION = 1.0;
				PRODUCT_BUNDLE_IDENTIFIER = "ai.cherrypick.--swift-guidebook";
				PRODUCT_NAME = "9-swift-guidebook";
				SDKROOT = iphoneos;
				SWIFT_EMIT_LOC_STRINGS = YES;
				SWIFT_VERSION = 5.0;
				TARGETED_DEVICE_FAMILY = "1,2";
				VALIDATE_PRODUCT = YES;
			};
			name = Release;
		};
		64A5C5702A2B731400D78BF6 /* Debug */ = {
			isa = XCBuildConfiguration;
			buildSettings = {
				ASSETCATALOG_COMPILER_APPICON_NAME = AppIcon;
				ASSETCATALOG_COMPILER_GLOBAL_ACCENT_COLOR_NAME = AccentColor;
				CODE_SIGN_ENTITLEMENTS = macOS/macOS.entitlements;
				CODE_SIGN_STYLE = Automatic;
				COMBINE_HIDPI_IMAGES = YES;
				CURRENT_PROJECT_VERSION = 1;
				ENABLE_PREVIEWS = YES;
				GENERATE_INFOPLIST_FILE = YES;
				INFOPLIST_KEY_NSHumanReadableCopyright = "";
				LD_RUNPATH_SEARCH_PATHS = (
					"$(inherited)",
					"@executable_path/../Frameworks",
				);
				MACOSX_DEPLOYMENT_TARGET = 12.3;
				MARKETING_VERSION = 1.0;
				PRODUCT_BUNDLE_IDENTIFIER = "ai.cherrypick.--swift-guidebook";
				PRODUCT_NAME = "9-swift-guidebook";
				SDKROOT = macosx;
				SWIFT_EMIT_LOC_STRINGS = YES;
				SWIFT_VERSION = 5.0;
			};
			name = Debug;
		};
		64A5C5712A2B731400D78BF6 /* Release */ = {
			isa = XCBuildConfiguration;
			buildSettings = {
				ASSETCATALOG_COMPILER_APPICON_NAME = AppIcon;
				ASSETCATALOG_COMPILER_GLOBAL_ACCENT_COLOR_NAME = AccentColor;
				CODE_SIGN_ENTITLEMENTS = macOS/macOS.entitlements;
				CODE_SIGN_STYLE = Automatic;
				COMBINE_HIDPI_IMAGES = YES;
				CURRENT_PROJECT_VERSION = 1;
				ENABLE_PREVIEWS = YES;
				GENERATE_INFOPLIST_FILE = YES;
				INFOPLIST_KEY_NSHumanReadableCopyright = "";
				LD_RUNPATH_SEARCH_PATHS = (
					"$(inherited)",
					"@executable_path/../Frameworks",
				);
				MACOSX_DEPLOYMENT_TARGET = 12.3;
				MARKETING_VERSION = 1.0;
				PRODUCT_BUNDLE_IDENTIFIER = "ai.cherrypick.--swift-guidebook";
				PRODUCT_NAME = "9-swift-guidebook";
				SDKROOT = macosx;
				SWIFT_EMIT_LOC_STRINGS = YES;
				SWIFT_VERSION = 5.0;
			};
			name = Release;
		};
/* End XCBuildConfiguration section */

/* Begin XCConfigurationList section */
		64A5C5522A2B731100D78BF6 /* Build configuration list for PBXProject "9-swift-guidebook" */ = {
			isa = XCConfigurationList;
			buildConfigurations = (
				64A5C56A2A2B731400D78BF6 /* Debug */,
				64A5C56B2A2B731400D78BF6 /* Release */,
			);
			defaultConfigurationIsVisible = 0;
			defaultConfigurationName = Release;
		};
		64A5C56C2A2B731400D78BF6 /* Build configuration list for PBXNativeTarget "9-swift-guidebook (iOS)" */ = {
			isa = XCConfigurationList;
			buildConfigurations = (
				64A5C56D2A2B731400D78BF6 /* Debug */,
				64A5C56E2A2B731400D78BF6 /* Release */,
			);
			defaultConfigurationIsVisible = 0;
			defaultConfigurationName = Release;
		};
		64A5C56F2A2B731400D78BF6 /* Build configuration list for PBXNativeTarget "9-swift-guidebook (macOS)" */ = {
			isa = XCConfigurationList;
			buildConfigurations = (
				64A5C5702A2B731400D78BF6 /* Debug */,
				64A5C5712A2B731400D78BF6 /* Release */,
			);
			defaultConfigurationIsVisible = 0;
			defaultConfigurationName = Release;
		};
/* End XCConfigurationList section */
	};
	rootObject = 64A5C54F2A2B731100D78BF6 /* Project object */;
}
